
Microsoft Visual Studio Solution File, Format Version 12.00
# Visual Studio Version 17
VisualStudioVersion = 17.14.36109.1 d17.14
MinimumVisualStudioVersion = 10.0.40219.1
Project("{FAE04EC0-301F-11D3-BF4B-00C04F79EFBC}") = "ConsoleApp5", "ConsoleApp5\ConsoleApp5.csproj", "{F39028A9-8F11-416E-A377-F033501C86DD}"
EndProject
Global
	GlobalSection(SolutionConfigurationPlatforms) = preSolution
		Debug|Any CPU = Debug|Any CPU
		Release|Any CPU = Release|Any CPU
	EndGlobalSection
	GlobalSection(ProjectConfigurationPlatforms) = postSolution
		{F39028A9-8F11-416E-A377-F033501C86DD}.Debug|Any CPU.ActiveCfg = Debug|Any CPU
		{F39028A9-8F11-416E-A377-F033501C86DD}.Debug|Any CPU.Build.0 = Debug|Any CPU
		{F39028A9-8F11-416E-A377-F033501C86DD}.Release|Any CPU.ActiveCfg = Release|Any CPU
		{F39028A9-8F11-416E-A377-F033501C86DD}.Release|Any CPU.Build.0 = Release|Any CPU
	EndGlobalSection
	GlobalSection(SolutionProperties) = preSolution
		HideSolutionNode = FALSE
	EndGlobalSection
	GlobalSection(ExtensibilityGlobals) = postSolution
		SolutionGuid = {3C26CC20-15F8-4B55-B824-35C68A333CFD}
	EndGlobalSection
EndGlobal
